
Microsoft Visual Studio Solution File, Format Version 12.00
# Visual Studio Version 17
VisualStudioVersion = 17.5.002.0
MinimumVisualStudioVersion = 10.0.40219.1
Project("{9A19103F-16F7-4668-BE54-9A1E7A4F7556}") = "jtech_gtarefas", "jtech_gtarefas.csproj", "{1F6246EB-7404-467A-A65C-FCCDB1AFF7DD}"
EndProject
Global
	GlobalSection(SolutionConfigurationPlatforms) = preSolution
		Debug|Any CPU = Debug|Any CPU
		Release|Any CPU = Release|Any CPU
	EndGlobalSection
	GlobalSection(ProjectConfigurationPlatforms) = postSolution
		{1F6246EB-7404-467A-A65C-FCCDB1AFF7DD}.Debug|Any CPU.ActiveCfg = Debug|Any CPU
		{1F6246EB-7404-467A-A65C-FCCDB1AFF7DD}.Debug|Any CPU.Build.0 = Debug|Any CPU
		{1F6246EB-7404-467A-A65C-FCCDB1AFF7DD}.Release|Any CPU.ActiveCfg = Release|Any CPU
		{1F6246EB-7404-467A-A65C-FCCDB1AFF7DD}.Release|Any CPU.Build.0 = Release|Any CPU
	EndGlobalSection
	GlobalSection(SolutionProperties) = preSolution
		HideSolutionNode = FALSE
	EndGlobalSection
	GlobalSection(ExtensibilityGlobals) = postSolution
		SolutionGuid = {CA8C0124-49FE-4665-BAE1-267C36AB0024}
	EndGlobalSection
EndGlobal
